
Microsoft Visual Studio Solution File, Format Version 12.00
# Visual Studio 15
VisualStudioVersion = 15.0.28307.1145
MinimumVisualStudioVersion = 10.0.40219.1
Project("{FAE04EC0-301F-11D3-BF4B-00C04F79EFBC}") = "DAL", "DAL\DAL.csproj", "{97A3CFCD-81A0-4E3E-8E85-45BD6671AEB9}"
EndProject
Project("{FAE04EC0-301F-11D3-BF4B-00C04F79EFBC}") = "UI", "UI\UI.csproj", "{F2A5E8AD-19BA-42B1-A611-C3F02D83D206}"
EndProject
Global
	GlobalSection(SolutionConfigurationPlatforms) = preSolution
		Debug|Any CPU = Debug|Any CPU
		Release|Any CPU = Release|Any CPU
	EndGlobalSection
	GlobalSection(ProjectConfigurationPlatforms) = postSolution
		{97A3CFCD-81A0-4E3E-8E85-45BD6671AEB9}.Debug|Any CPU.ActiveCfg = Debug|Any CPU
		{97A3CFCD-81A0-4E3E-8E85-45BD6671AEB9}.Debug|Any CPU.Build.0 = Debug|Any CPU
		{97A3CFCD-81A0-4E3E-8E85-45BD6671AEB9}.Release|Any CPU.ActiveCfg = Release|Any CPU
		{97A3CFCD-81A0-4E3E-8E85-45BD6671AEB9}.Release|Any CPU.Build.0 = Release|Any CPU
		{F2A5E8AD-19BA-42B1-A611-C3F02D83D206}.Debug|Any CPU.ActiveCfg = Debug|Any CPU
		{F2A5E8AD-19BA-42B1-A611-C3F02D83D206}.Debug|Any CPU.Build.0 = Debug|Any CPU
		{F2A5E8AD-19BA-42B1-A611-C3F02D83D206}.Release|Any CPU.ActiveCfg = Release|Any CPU
		{F2A5E8AD-19BA-42B1-A611-C3F02D83D206}.Release|Any CPU.Build.0 = Release|Any CPU
	EndGlobalSection
	GlobalSection(SolutionProperties) = preSolution
		HideSolutionNode = FALSE
	EndGlobalSection
	GlobalSection(ExtensibilityGlobals) = postSolution
		SolutionGuid = {926B950A-6274-459D-9717-82991C256668}
	EndGlobalSection
EndGlobal
